
Microsoft Visual Studio Solution File, Format Version 12.00
# Visual Studio Version 17
VisualStudioVersion = 17.0.31903.59
MinimumVisualStudioVersion = 10.0.40219.1
Project("{FAE04EC0-301F-11D3-BF4B-00C04F79EFBC}") = "DataLagring_Projekt", "DataLagring_Projekt\DataLagring_Projekt.csproj", "{7D85502B-671D-46EE-9C9C-AF017CC81185}"
EndProject
Global
	GlobalSection(SolutionConfigurationPlatforms) = preSolution
		Debug|Any CPU = Debug|Any CPU
		Release|Any CPU = Release|Any CPU
	EndGlobalSection
	GlobalSection(ProjectConfigurationPlatforms) = postSolution
		{7D85502B-671D-46EE-9C9C-AF017CC81185}.Debug|Any CPU.ActiveCfg = Debug|Any CPU
		{7D85502B-671D-46EE-9C9C-AF017CC81185}.Debug|Any CPU.Build.0 = Debug|Any CPU
		{7D85502B-671D-46EE-9C9C-AF017CC81185}.Release|Any CPU.ActiveCfg = Release|Any CPU
		{7D85502B-671D-46EE-9C9C-AF017CC81185}.Release|Any CPU.Build.0 = Release|Any CPU
	EndGlobalSection
	GlobalSection(SolutionProperties) = preSolution
		HideSolutionNode = FALSE
	EndGlobalSection
	GlobalSection(ExtensibilityGlobals) = postSolution
		SolutionGuid = {B6128FDA-4A2E-46DE-8A25-1841F79E4254}
	EndGlobalSection
EndGlobal
